{
  "requires": true,
  "lockfileVersion": 1,
  "dependencies": {
    "@fortawesome/fontawesome-pro": {
      "version": "5.6.3",
      "resolved": "https://npm.fontawesome.com/@fortawesome/fontawesome-pro/-/fontawesome-pro-5.6.3.tgz",
      "integrity": "sha512-GEnSpbwxSU/aM/zxo6xu70ALnUc8aYaerb+yGIgiAgVZJnQLyBmEHga60857RdPZIPk8N6e95EkbhcQon5XClw=="
    },
    "animejs": {
      "version": "3.0.1",
      "resolved": "https://registry.npmjs.org/animejs/-/animejs-3.0.1.tgz",
      "integrity": "sha512-7mMoBQScvA7s4zm3EVgnuXXrtOu6TJNAhU+Ajo7HsXYH0NwbuZIcRHMO65a9NyUlmAXz4VPxlK5cENNOQbCi8g=="
    }
  }
}
